// !$*UTF8*$!
{
	archiveVersion = 1;
	classes = {
	};
	objectVersion = 46;
	objects = {

/* Begin PBXBuildFile section */
		4D5F7BDE1CC832E200A03F2E /* AppDelegate.swift in Sources */ = {isa = PBXBuildFile; fileRef = 4D5F7BDD1CC832E200A03F2E /* AppDelegate.swift */; };
		4D5F7BE01CC832E200A03F2E /* ViewController.swift in Sources */ = {isa = PBXBuildFile; fileRef = 4D5F7BDF1CC832E200A03F2E /* ViewController.swift */; };
		4D5F7BE31CC832E200A03F2E /* Main.storyboard in Resources */ = {isa = PBXBuildFile; fileRef = 4D5F7BE11CC832E200A03F2E /* Main.storyboard */; };
		4D5F7BE51CC832E200A03F2E /* Assets.xcassets in Resources */ = {isa = PBXBuildFile; fileRef = 4D5F7BE41CC832E200A03F2E /* Assets.xcassets */; };
		4D5F7BE81CC832E200A03F2E /* LaunchScreen.storyboard in Resources */ = {isa = PBXBuildFile; fileRef = 4D5F7BE61CC832E200A03F2E /* LaunchScreen.storyboard */; };
		4D5F7BF01CC832FE00A03F2E /* SwiftyJot.framework in Frameworks */ = {isa = PBXBuildFile; fileRef = 4D5F7BEF1CC832FE00A03F2E /* SwiftyJot.framework */; };
/* End PBXBuildFile section */

/* Begin PBXFileReference section */
		4D5F7BDA1CC832E200A03F2E /* SwiftJotExample.app */ = {isa = PBXFileReference; explicitFileType = wrapper.application; includeInIndex = 0; path = SwiftJotExample.app; sourceTree = BUILT_PRODUCTS_DIR; };
		4D5F7BDD1CC832E200A03F2E /* AppDelegate.swift */ = {isa = PBXFileReference; lastKnownFileType = sourcecode.swift; path = AppDelegate.swift; sourceTree = "<group>"; };
		4D5F7BDF1CC832E200A03F2E /* ViewController.swift */ = {isa = PBXFileReference; lastKnownFileType = sourcecode.swift; path = ViewController.swift; sourceTree = "<group>"; };
		4D5F7BE21CC832E200A03F2E /* Base */ = {isa = PBXFileReference; lastKnownFileType = file.storyboard; name = Base; path = Base.lproj/Main.storyboard; sourceTree = "<group>"; };
		4D5F7BE41CC832E200A03F2E /* Assets.xcassets */ = {isa = PBXFileReference; lastKnownFileType = folder.assetcatalog; path = Assets.xcassets; sourceTree = "<group>"; };
		4D5F7BE71CC832E200A03F2E /* Base */ = {isa = PBXFileReference; lastKnownFileType = file.storyboard; name = Base; path = Base.lproj/LaunchScreen.storyboard; sourceTree = "<group>"; };
		4D5F7BE91CC832E200A03F2E /* Info.plist */ = {isa = PBXFileReference; lastKnownFileType = text.plist.xml; path = Info.plist; sourceTree = "<group>"; };
		4D5F7BEF1CC832FE00A03F2E /* SwiftyJot.framework */ = {isa = PBXFileReference; lastKnownFileType = wrapper.framework; path = SwiftyJot.framework; sourceTree = "<group>"; };
/* End PBXFileReference section */

/* Begin PBXFrameworksBuildPhase section */
		4D5F7BD71CC832E200A03F2E /* Frameworks */ = {
			isa = PBXFrameworksBuildPhase;
			buildActionMask = 2147483647;
			files = (
				4D5F7BF01CC832FE00A03F2E /* SwiftyJot.framework in Frameworks */,
			);
			runOnlyForDeploymentPostprocessing = 0;
		};
/* End PBXFrameworksBuildPhase section */

/* Begin PBXGroup section */
		4D5F7BD11CC832E200A03F2E = {
			isa = PBXGroup;
			children = (
				4D5F7BEF1CC832FE00A03F2E /* SwiftyJot.framework */,
				4D5F7BDC1CC832E200A03F2E /* SwiftJotExample */,
				4D5F7BDB1CC832E200A03F2E /* Products */,
			);
			sourceTree = "<group>";
		};
		4D5F7BDB1CC832E200A03F2E /* Products */ = {
			isa = PBXGroup;
			children = (
				4D5F7BDA1CC832E200A03F2E /* SwiftJotExample.app */,
			);
			name = Products;
			sourceTree = "<group>";
		};
		4D5F7BDC1CC832E200A03F2E /* SwiftJotExample */ = {
			isa = PBXGroup;
			children = (
				4D5F7BDD1CC832E200A03F2E /* AppDelegate.swift */,
				4D5F7BDF1CC832E200A03F2E /* ViewController.swift */,
				4D5F7BE11CC832E200A03F2E /* Main.storyboard */,
				4D5F7BE41CC832E200A03F2E /* Assets.xcassets */,
				4D5F7BE61CC832E200A03F2E /* LaunchScreen.storyboard */,
				4D5F7BE91CC832E200A03F2E /* Info.plist */,
			);
			path = SwiftJotExample;
			sourceTree = "<group>";
		};
/* End PBXGroup section */

/* Begin PBXNativeTarget section */
		4D5F7BD91CC832E200A03F2E /* SwiftJotExample */ = {
			isa = PBXNativeTarget;
			buildConfigurationList = 4D5F7BEC1CC832E200A03F2E /* Build configuration list for PBXNativeTarget "SwiftJotExample" */;
			buildPhases = (
				4D5F7BD61CC832E200A03F2E /* Sources */,
				4D5F7BD71CC832E200A03F2E /* Frameworks */,
				4D5F7BD81CC832E200A03F2E /* Resources */,
			);
			buildRules = (
			);
			dependencies = (
			);
			name = SwiftJotExample;
			productName = SwiftJotExample;
			productReference = 4D5F7BDA1CC832E200A03F2E /* SwiftJotExample.app */;
			productType = "com.apple.product-type.application";
		};
/* End PBXNativeTarget section */

/* Begin PBXProject section */
		4D5F7BD21CC832E200A03F2E /* Project object */ = {
			isa = PBXProject;
			attributes = {
				LastSwiftUpdateCheck = 0730;
				LastUpgradeCheck = 0730;
				ORGANIZATIONNAME = "Leander Melms";
				TargetAttributes = {
					4D5F7BD91CC832E200A03F2E = {
						CreatedOnToolsVersion = 7.3;
					};
				};
			};
			buildConfigurationList = 4D5F7BD51CC832E200A03F2E /* Build configuration list for PBXProject "SwiftJotExample" */;
			compatibilityVersion = "Xcode 3.2";
			developmentRegion = English;
			hasScannedForEncodings = 0;
			knownRegions = (
				en,
				Base,
			);
			mainGroup = 4D5F7BD11CC832E200A03F2E;
			productRefGroup = 4D5F7BDB1CC832E200A03F2E /* Products */;
			projectDirPath = "";
			projectRoot = "";
			targets = (
				4D5F7BD91CC832E200A03F2E /* SwiftJotExample */,
			);
		};
/* End PBXProject section */

/* Begin PBXResourcesBuildPhase section */
		4D5F7BD81CC832E200A03F2E /* Resources */ = {
			isa = PBXResourcesBuildPhase;
			buildActionMask = 2147483647;
			files = (
				4D5F7BE81CC832E200A03F2E /* LaunchScreen.storyboard in Resources */,
				4D5F7BE51CC832E200A03F2E /* Assets.xcassets in Resources */,
				4D5F7BE31CC832E200A03F2E /* Main.storyboard in Resources */,
			);
			runOnlyForDeploymentPostprocessing = 0;
		};
/* End PBXResourcesBuildPhase section */

/* Begin PBXSourcesBuildPhase section */
		4D5F7BD61CC832E200A03F2E /* Sources */ = {
			isa = PBXSourcesBuildPhase;
			buildActionMask = 2147483647;
			files = (
				4D5F7BE01CC832E200A03F2E /* ViewController.swift in Sources */,
				4D5F7BDE1CC832E200A03F2E /* AppDelegate.swift in Sources */,
			);
			runOnlyForDeploymentPostprocessing = 0;
		};
/* End PBXSourcesBuildPhase section */

/* Begin PBXVariantGroup section */
		4D5F7BE11CC832E200A03F2E /* Main.storyboard */ = {
			isa = PBXVariantGroup;
			children = (
				4D5F7BE21CC832E200A03F2E /* Base */,
			);
			name = Main.storyboard;
			sourceTree = "<group>";
		};
		4D5F7BE61CC832E200A03F2E /* LaunchScreen.storyboard */ = {
			isa = PBXVariantGroup;
			children = (
				4D5F7BE71CC832E200A03F2E /* Base */,
			);
			name = LaunchScreen.storyboard;
			sourceTree = "<group>";
		};
/* End PBXVariantGroup section */

/* Begin XCBuildConfiguration section */
		4D5F7BEA1CC832E200A03F2E /* Debug */ = {
			isa = XCBuildConfiguration;
			buildSettings = {
				ALWAYS_SEARCH_USER_PATHS = NO;
				CLANG_ANALYZER_NONNULL = YES;
				CLANG_CXX_LANGUAGE_STANDARD = "gnu++0x";
				CLANG_CXX_LIBRARY = "libc++";
				CLANG_ENABLE_MODULES = YES;
				CLANG_ENABLE_OBJC_ARC = YES;
				CLANG_WARN_BOOL_CONVERSION = YES;
				CLANG_WARN_CONSTANT_CONVERSION = YES;
				CLANG_WARN_DIRECT_OBJC_ISA_USAGE = YES_ERROR;
				CLANG_WARN_EMPTY_BODY = YES;
				CLANG_WARN_ENUM_CONVERSION = YES;
				CLANG_WARN_INT_CONVERSION = YES;
				CLANG_WARN_OBJC_ROOT_CLASS = YES_ERROR;
				CLANG_WARN_UNREACHABLE_CODE = YES;
				CLANG_WARN__DUPLICATE_METHOD_MATCH = YES;
				"CODE_SIGN_IDENTITY[sdk=iphoneos*]" = "iPhone Developer";
				COPY_PHASE_STRIP = NO;
				DEBUG_INFORMATION_FORMAT = dwarf;
				ENABLE_STRICT_OBJC_MSGSEND = YES;
				ENABLE_TESTABILITY = YES;
				GCC_C_LANGUAGE_STANDARD = gnu99;
				GCC_DYNAMIC_NO_PIC = NO;
				GCC_NO_COMMON_BLOCKS = YES;
				GCC_OPTIMIZATION_LEVEL = 0;
				GCC_PREPROCESSOR_DEFINITIONS = (
					"DEBUG=1",
					"$(inherited)",
				);
				GCC_WARN_64_TO_32_BIT_CONVERSION = YES;
				GCC_WARN_ABOUT_RETURN_TYPE = YES_ERROR;
				GCC_WARN_UNDECLARED_SELECTOR = YES;
				GCC_WARN_UNINITIALIZED_AUTOS = YES_AGGRESSIVE;
				GCC_WARN_UNUSED_FUNCTION = YES;
				GCC_WARN_UNUSED_VARIABLE = YES;
				IPHONEOS_DEPLOYMENT_TARGET = 9.3;
				MTL_ENABLE_DEBUG_INFO = YES;
				ONLY_ACTIVE_ARCH = YES;
				SDKROOT = iphoneos;
				SWIFT_OPTIMIZATION_LEVEL = "-Onone";
			};
			name = Debug;
		};
		4D5F7BEB1CC832E200A03F2E /* Release */ = {
			isa = XCBuildConfiguration;
			buildSettings = {
				ALWAYS_SEARCH_USER_PATHS = NO;
				CLANG_ANALYZER_NONNULL = YES;
				CLANG_CXX_LANGUAGE_STANDARD = "gnu++0x";
				CLANG_CXX_LIBRARY = "libc++";
				CLANG_ENABLE_MODULES = YES;
				CLANG_ENABLE_OBJC_ARC = YES;
				CLANG_WARN_BOOL_CONVERSION = YES;
				CLANG_WARN_CONSTANT_CONVERSION = YES;
				CLANG_WARN_DIRECT_OBJC_ISA_USAGE = YES_ERROR;
				CLANG_WARN_EMPTY_BODY = YES;
				CLANG_WARN_ENUM_CONVERSION = YES;
				CLANG_WARN_INT_CONVERSION = YES;
				CLANG_WARN_OBJC_ROOT_CLASS = YES_ERROR;
				CLANG_WARN_UNREACHABLE_CODE = YES;
				CLANG_WARN__DUPLICATE_METHOD_MATCH = YES;
				"CODE_SIGN_IDENTITY[sdk=iphoneos*]" = "iPhone Developer";
				COPY_PHASE_STRIP = NO;
				DEBUG_INFORMATION_FORMAT = "dwarf-with-dsym";
				ENABLE_NS_ASSERTIONS = NO;
				ENABLE_STRICT_OBJC_MSGSEND = YES;
				GCC_C_LANGUAGE_STANDARD = gnu99;
				GCC_NO_COMMON_BLOCKS = YES;
				GCC_WARN_64_TO_32_BIT_CONVERSION = YES;
				GCC_WARN_ABOUT_RETURN_TYPE = YES_ERROR;
				GCC_WARN_UNDECLARED_SELECTOR = YES;
				GCC_WARN_UNINITIALIZED_AUTOS = YES_AGGRESSIVE;
				GCC_WARN_UNUSED_FUNCTION = YES;
				GCC_WARN_UNUSED_VARIABLE = YES;
				IPHONEOS_DEPLOYMENT_TARGET = 9.3;
				MTL_ENABLE_DEBUG_INFO = NO;
				SDKROOT = iphoneos;
				VALIDATE_PRODUCT = YES;
			};
			name = Release;
		};
		4D5F7BED1CC832E200A03F2E /* Debug */ = {
			isa = XCBuildConfiguration;
			buildSettings = {
				ASSETCATALOG_COMPILER_APPICON_NAME = AppIcon;
				FRAMEWORK_SEARCH_PATHS = (
					"$(inherited)",
					"$(PROJECT_DIR)",
				);
				INFOPLIST_FILE = SwiftJotExample/Info.plist;
				LD_RUNPATH_SEARCH_PATHS = "$(inherited) @executable_path/Frameworks";
				PRODUCT_BUNDLE_IDENTIFIER = com.lct.SwiftJotExample;
				PRODUCT_NAME = "$(TARGET_NAME)";
			};
			name = Debug;
		};
		4D5F7BEE1CC832E200A03F2E /* Release */ = {
			isa = XCBuildConfiguration;
			buildSettings = {
				ASSETCATALOG_COMPILER_APPICON_NAME = AppIcon;
				FRAMEWORK_SEARCH_PATHS = (
					"$(inherited)",
					"$(PROJECT_DIR)",
				);
				INFOPLIST_FILE = SwiftJotExample/Info.plist;
				LD_RUNPATH_SEARCH_PATHS = "$(inherited) @executable_path/Frameworks";
				PRODUCT_BUNDLE_IDENTIFIER = com.lct.SwiftJotExample;
				PRODUCT_NAME = "$(TARGET_NAME)";
			};
			name = Release;
		};
/* End XCBuildConfiguration section */

/* Begin XCConfigurationList section */
		4D5F7BD51CC832E200A03F2E /* Build configuration list for PBXProject "SwiftJotExample" */ = {
			isa = XCConfigurationList;
			buildConfigurations = (
				4D5F7BEA1CC832E200A03F2E /* Debug */,
				4D5F7BEB1CC832E200A03F2E /* Release */,
			);
			defaultConfigurationIsVisible = 0;
			defaultConfigurationName = Release;
		};
		4D5F7BEC1CC832E200A03F2E /* Build configuration list for PBXNativeTarget "SwiftJotExample" */ = {
			isa = XCConfigurationList;
			buildConfigurations = (
				4D5F7BED1CC832E200A03F2E /* Debug */,
				4D5F7BEE1CC832E200A03F2E /* Release */,
			);
			defaultConfigurationIsVisible = 0;
		};
/* End XCConfigurationList section */
	};
	rootObject = 4D5F7BD21CC832E200A03F2E /* Project object */;
}
